
Microsoft Visual Studio Solution File, Format Version 12.00
# Visual Studio 2012
Project("{FAE04EC0-301F-11D3-BF4B-00C04F79EFBC}") = "SoftwareCraftsmen.Blog.Domain", "SoftwareCraftsmen.Blog.Domain\SoftwareCraftsmen.Blog.Domain.csproj", "{950976BA-A30A-4A84-BB70-714FA6838D52}"
EndProject
Project("{2150E333-8FDC-42A3-9474-1A3956D46DE8}") = "Domain", "Domain", "{2E0E8D94-7314-48A9-B43A-DF909DB560A8}"
EndProject
Project("{FAE04EC0-301F-11D3-BF4B-00C04F79EFBC}") = "SoftwareCraftsmen.Blog.Tests.Domain", "SoftwareCraftsmen.Blog.Tests.Domain\SoftwareCraftsmen.Blog.Tests.Domain.csproj", "{6FE6EC19-FC18-4C10-84AD-15D8C9F07C70}"
EndProject
Project("{2150E333-8FDC-42A3-9474-1A3956D46DE8}") = "Tests", "Tests", "{325496EA-CE9D-42FA-98A2-297A15BFB022}"
EndProject
Project("{2150E333-8FDC-42A3-9474-1A3956D46DE8}") = "UnitTests", "UnitTests", "{7CEDD5B4-A753-4CA9-98E4-112D075D1782}"
EndProject
Project("{2150E333-8FDC-42A3-9474-1A3956D46DE8}") = "UI", "UI", "{102B78D6-8CE2-4C11-B79C-29A9F8456311}"
EndProject
Project("{2150E333-8FDC-42A3-9474-1A3956D46DE8}") = "Web", "Web", "{2F8BDB50-4DB4-438A-9F47-4764526AB683}"
EndProject
Project("{2150E333-8FDC-42A3-9474-1A3956D46DE8}") = "CrossCutting", "CrossCutting", "{EEEC854C-0119-4075-B9AC-4F8AFC39CC21}"
EndProject
Project("{FAE04EC0-301F-11D3-BF4B-00C04F79EFBC}") = "SoftwareCraftsmen.Blog.Infrastructure", "SoftwareCraftsmen.Blog.Infrastructure\SoftwareCraftsmen.Blog.Infrastructure.csproj", "{420704DB-8E9C-495F-B69D-10A9CF11EAC0}"
EndProject
Project("{FAE04EC0-301F-11D3-BF4B-00C04F79EFBC}") = "SoftwareCraftsmen.Blog.UI.Web.Blog", "SoftwareCraftsmen.Blog.UI.Web.Blog\SoftwareCraftsmen.Blog.UI.Web.Blog.csproj", "{39375DC0-4036-432A-BDDE-12C64E8AC95E}"
EndProject
Project("{FAE04EC0-301F-11D3-BF4B-00C04F79EFBC}") = "SoftwareCraftsmen.Blog.UI.Web.Infrastructure", "SoftwareCraftsmen.Blog.UI.Web.Infrastructure\SoftwareCraftsmen.Blog.UI.Web.Infrastructure.csproj", "{17DDECC9-3AD4-4A7D-AD76-40038F996720}"
EndProject
Global
	GlobalSection(SolutionConfigurationPlatforms) = preSolution
		Debug|Any CPU = Debug|Any CPU
		Release|Any CPU = Release|Any CPU
	EndGlobalSection
	GlobalSection(ProjectConfigurationPlatforms) = postSolution
		{950976BA-A30A-4A84-BB70-714FA6838D52}.Debug|Any CPU.ActiveCfg = Debug|Any CPU
		{950976BA-A30A-4A84-BB70-714FA6838D52}.Debug|Any CPU.Build.0 = Debug|Any CPU
		{950976BA-A30A-4A84-BB70-714FA6838D52}.Release|Any CPU.ActiveCfg = Release|Any CPU
		{950976BA-A30A-4A84-BB70-714FA6838D52}.Release|Any CPU.Build.0 = Release|Any CPU
		{6FE6EC19-FC18-4C10-84AD-15D8C9F07C70}.Debug|Any CPU.ActiveCfg = Debug|Any CPU
		{6FE6EC19-FC18-4C10-84AD-15D8C9F07C70}.Debug|Any CPU.Build.0 = Debug|Any CPU
		{6FE6EC19-FC18-4C10-84AD-15D8C9F07C70}.Release|Any CPU.ActiveCfg = Release|Any CPU
		{6FE6EC19-FC18-4C10-84AD-15D8C9F07C70}.Release|Any CPU.Build.0 = Release|Any CPU
		{420704DB-8E9C-495F-B69D-10A9CF11EAC0}.Debug|Any CPU.ActiveCfg = Debug|Any CPU
		{420704DB-8E9C-495F-B69D-10A9CF11EAC0}.Debug|Any CPU.Build.0 = Debug|Any CPU
		{420704DB-8E9C-495F-B69D-10A9CF11EAC0}.Release|Any CPU.ActiveCfg = Release|Any CPU
		{420704DB-8E9C-495F-B69D-10A9CF11EAC0}.Release|Any CPU.Build.0 = Release|Any CPU
		{39375DC0-4036-432A-BDDE-12C64E8AC95E}.Debug|Any CPU.ActiveCfg = Debug|Any CPU
		{39375DC0-4036-432A-BDDE-12C64E8AC95E}.Debug|Any CPU.Build.0 = Debug|Any CPU
		{39375DC0-4036-432A-BDDE-12C64E8AC95E}.Release|Any CPU.ActiveCfg = Release|Any CPU
		{39375DC0-4036-432A-BDDE-12C64E8AC95E}.Release|Any CPU.Build.0 = Release|Any CPU
		{17DDECC9-3AD4-4A7D-AD76-40038F996720}.Debug|Any CPU.ActiveCfg = Debug|Any CPU
		{17DDECC9-3AD4-4A7D-AD76-40038F996720}.Debug|Any CPU.Build.0 = Debug|Any CPU
		{17DDECC9-3AD4-4A7D-AD76-40038F996720}.Release|Any CPU.ActiveCfg = Release|Any CPU
		{17DDECC9-3AD4-4A7D-AD76-40038F996720}.Release|Any CPU.Build.0 = Release|Any CPU
	EndGlobalSection
	GlobalSection(SolutionProperties) = preSolution
		HideSolutionNode = FALSE
	EndGlobalSection
	GlobalSection(NestedProjects) = preSolution
		{950976BA-A30A-4A84-BB70-714FA6838D52} = {2E0E8D94-7314-48A9-B43A-DF909DB560A8}
		{7CEDD5B4-A753-4CA9-98E4-112D075D1782} = {325496EA-CE9D-42FA-98A2-297A15BFB022}
		{6FE6EC19-FC18-4C10-84AD-15D8C9F07C70} = {7CEDD5B4-A753-4CA9-98E4-112D075D1782}
		{2F8BDB50-4DB4-438A-9F47-4764526AB683} = {102B78D6-8CE2-4C11-B79C-29A9F8456311}
		{39375DC0-4036-432A-BDDE-12C64E8AC95E} = {2F8BDB50-4DB4-438A-9F47-4764526AB683}
		{17DDECC9-3AD4-4A7D-AD76-40038F996720} = {2F8BDB50-4DB4-438A-9F47-4764526AB683}
		{420704DB-8E9C-495F-B69D-10A9CF11EAC0} = {EEEC854C-0119-4075-B9AC-4F8AFC39CC21}
	EndGlobalSection
EndGlobal
